
Microsoft Visual Studio Solution File, Format Version 12.00
# Visual Studio Version 17
VisualStudioVersion = 17.0.31903.59
MinimumVisualStudioVersion = 10.0.40219.1
Project("{2150E333-8FDC-42A3-9474-1A3956D46DE8}") = "ModsDude.Server", "ModsDude.Server", "{B5F5D79F-D466-7054-2E70-E9E7493C2180}"
EndProject
Project("{FAE04EC0-301F-11D3-BF4B-00C04F79EFBC}") = "ModsDude.Server.Api", "ModsDude.Server\ModsDude.Server.Api\ModsDude.Server.Api.csproj", "{050F2889-5696-40DF-8AB7-35D987EF928E}"
EndProject
Project("{FAE04EC0-301F-11D3-BF4B-00C04F79EFBC}") = "ModsDude.Server.Application", "ModsDude.Server\ModsDude.Server.Application\ModsDude.Server.Application.csproj", "{30721323-9BFA-4629-B7C9-B54EE8AB0BCB}"
EndProject
Project("{FAE04EC0-301F-11D3-BF4B-00C04F79EFBC}") = "ModsDude.Server.Common", "ModsDude.Server\ModsDude.Server.Common\ModsDude.Server.Common.csproj", "{CF92282B-23A9-4932-AA84-37F57B8FE5D6}"
EndProject
Project("{FAE04EC0-301F-11D3-BF4B-00C04F79EFBC}") = "ModsDude.Server.Domain", "ModsDude.Server\ModsDude.Server.Domain\ModsDude.Server.Domain.csproj", "{85889F0B-243E-452A-B6E9-CF1CE7D86C43}"
EndProject
Project("{FAE04EC0-301F-11D3-BF4B-00C04F79EFBC}") = "ModsDude.Server.Persistence", "ModsDude.Server\ModsDude.Server.Persistence\ModsDude.Server.Persistence.csproj", "{8DBA6B56-38C2-4831-B97A-D2682B5988A8}"
EndProject
Project("{FAE04EC0-301F-11D3-BF4B-00C04F79EFBC}") = "ModsDude.Server.Services", "ModsDude.Server\ModsDude.Server.Services\ModsDude.Server.Services.csproj", "{12D712A8-85E0-4612-88B4-349FB05ABF69}"
EndProject
Project("{FAE04EC0-301F-11D3-BF4B-00C04F79EFBC}") = "ModsDude.Server.Storage", "ModsDude.Server\ModsDude.Server.Storage\ModsDude.Server.Storage.csproj", "{0228A335-57DA-4C7E-A88D-A330741BFD32}"
EndProject
Project("{2150E333-8FDC-42A3-9474-1A3956D46DE8}") = "ModsDude.WindowsClient", "ModsDude.WindowsClient", "{E280AC91-E6F2-4CB2-8F53-7589EB0C449A}"
EndProject
Project("{FAE04EC0-301F-11D3-BF4B-00C04F79EFBC}") = "ModsDude.WindowsClient.Model", "ModsDude.WindowsClient\ModsDude.WindowsClient.Model\ModsDude.WindowsClient.Model.csproj", "{F5FD1D16-3FA8-43BE-9946-399A83CC0625}"
EndProject
Project("{FAE04EC0-301F-11D3-BF4B-00C04F79EFBC}") = "ModsDude.WindowsClient.Utilities", "ModsDude.WindowsClient\ModsDude.WindowsClient.Utilities\ModsDude.WindowsClient.Utilities.csproj", "{A8016746-F77B-48D7-9AD9-12ECF3DBC028}"
EndProject
Project("{FAE04EC0-301F-11D3-BF4B-00C04F79EFBC}") = "ModsDude.WindowsClient.ViewModel", "ModsDude.WindowsClient\ModsDude.WindowsClient.ViewModel\ModsDude.WindowsClient.ViewModel.csproj", "{6C3940C7-82E1-426E-A834-2BD80CEFD926}"
EndProject
Project("{FAE04EC0-301F-11D3-BF4B-00C04F79EFBC}") = "ModsDude.WindowsClient.Wpf", "ModsDude.WindowsClient\ModsDude.WindowsClient.Wpf\ModsDude.WindowsClient.Wpf.csproj", "{AA955BA3-9A46-44E3-9AB8-28DB2B3A3CEB}"
EndProject
Project("{2150E333-8FDC-42A3-9474-1A3956D46DE8}") = "ModsDude.Client", "ModsDude.Client", "{6D15BD6A-4AE5-43D2-5792-2F69DB82D193}"
EndProject
Project("{FAE04EC0-301F-11D3-BF4B-00C04F79EFBC}") = "ModsDude.Client.Cli", "ModsDude.Client\ModsDude.Client.Cli\ModsDude.Client.Cli.csproj", "{17DF71B6-9BD2-4ED7-9E74-FDE87BFAEA34}"
EndProject
Project("{FAE04EC0-301F-11D3-BF4B-00C04F79EFBC}") = "ModsDude.Client.Core", "ModsDude.Client\ModsDude.Client.Core\ModsDude.Client.Core.csproj", "{1E38D61A-9ECF-4E75-BFE4-50625BD3D206}"
EndProject
Project("{2150E333-8FDC-42A3-9474-1A3956D46DE8}") = "Solution Items", "Solution Items", "{8EC462FD-D22E-90A8-E5CE-7E832BA40C5D}"
	ProjectSection(SolutionItems) = preProject
		README.md = README.md
	EndProjectSection
EndProject
Global
	GlobalSection(SolutionConfigurationPlatforms) = preSolution
		Debug|Any CPU = Debug|Any CPU
		Debug|x64 = Debug|x64
		Debug|x86 = Debug|x86
		Release|Any CPU = Release|Any CPU
		Release|x64 = Release|x64
		Release|x86 = Release|x86
	EndGlobalSection
	GlobalSection(ProjectConfigurationPlatforms) = postSolution
		{050F2889-5696-40DF-8AB7-35D987EF928E}.Debug|Any CPU.ActiveCfg = Debug|Any CPU
		{050F2889-5696-40DF-8AB7-35D987EF928E}.Debug|Any CPU.Build.0 = Debug|Any CPU
		{050F2889-5696-40DF-8AB7-35D987EF928E}.Debug|x64.ActiveCfg = Debug|Any CPU
		{050F2889-5696-40DF-8AB7-35D987EF928E}.Debug|x64.Build.0 = Debug|Any CPU
		{050F2889-5696-40DF-8AB7-35D987EF928E}.Debug|x86.ActiveCfg = Debug|Any CPU
		{050F2889-5696-40DF-8AB7-35D987EF928E}.Debug|x86.Build.0 = Debug|Any CPU
		{050F2889-5696-40DF-8AB7-35D987EF928E}.Release|Any CPU.ActiveCfg = Release|Any CPU
		{050F2889-5696-40DF-8AB7-35D987EF928E}.Release|Any CPU.Build.0 = Release|Any CPU
		{050F2889-5696-40DF-8AB7-35D987EF928E}.Release|x64.ActiveCfg = Release|Any CPU
		{050F2889-5696-40DF-8AB7-35D987EF928E}.Release|x64.Build.0 = Release|Any CPU
		{050F2889-5696-40DF-8AB7-35D987EF928E}.Release|x86.ActiveCfg = Release|Any CPU
		{050F2889-5696-40DF-8AB7-35D987EF928E}.Release|x86.Build.0 = Release|Any CPU
		{30721323-9BFA-4629-B7C9-B54EE8AB0BCB}.Debug|Any CPU.ActiveCfg = Debug|Any CPU
		{30721323-9BFA-4629-B7C9-B54EE8AB0BCB}.Debug|Any CPU.Build.0 = Debug|Any CPU
		{30721323-9BFA-4629-B7C9-B54EE8AB0BCB}.Debug|x64.ActiveCfg = Debug|Any CPU
		{30721323-9BFA-4629-B7C9-B54EE8AB0BCB}.Debug|x64.Build.0 = Debug|Any CPU
		{30721323-9BFA-4629-B7C9-B54EE8AB0BCB}.Debug|x86.ActiveCfg = Debug|Any CPU
		{30721323-9BFA-4629-B7C9-B54EE8AB0BCB}.Debug|x86.Build.0 = Debug|Any CPU
		{30721323-9BFA-4629-B7C9-B54EE8AB0BCB}.Release|Any CPU.ActiveCfg = Release|Any CPU
		{30721323-9BFA-4629-B7C9-B54EE8AB0BCB}.Release|Any CPU.Build.0 = Release|Any CPU
		{30721323-9BFA-4629-B7C9-B54EE8AB0BCB}.Release|x64.ActiveCfg = Release|Any CPU
		{30721323-9BFA-4629-B7C9-B54EE8AB0BCB}.Release|x64.Build.0 = Release|Any CPU
		{30721323-9BFA-4629-B7C9-B54EE8AB0BCB}.Release|x86.ActiveCfg = Release|Any CPU
		{30721323-9BFA-4629-B7C9-B54EE8AB0BCB}.Release|x86.Build.0 = Release|Any CPU
		{CF92282B-23A9-4932-AA84-37F57B8FE5D6}.Debug|Any CPU.ActiveCfg = Debug|Any CPU
		{CF92282B-23A9-4932-AA84-37F57B8FE5D6}.Debug|Any CPU.Build.0 = Debug|Any CPU
		{CF92282B-23A9-4932-AA84-37F57B8FE5D6}.Debug|x64.ActiveCfg = Debug|Any CPU
		{CF92282B-23A9-4932-AA84-37F57B8FE5D6}.Debug|x64.Build.0 = Debug|Any CPU
		{CF92282B-23A9-4932-AA84-37F57B8FE5D6}.Debug|x86.ActiveCfg = Debug|Any CPU
		{CF92282B-23A9-4932-AA84-37F57B8FE5D6}.Debug|x86.Build.0 = Debug|Any CPU
		{CF92282B-23A9-4932-AA84-37F57B8FE5D6}.Release|Any CPU.ActiveCfg = Release|Any CPU
		{CF92282B-23A9-4932-AA84-37F57B8FE5D6}.Release|Any CPU.Build.0 = Release|Any CPU
		{CF92282B-23A9-4932-AA84-37F57B8FE5D6}.Release|x64.ActiveCfg = Release|Any CPU
		{CF92282B-23A9-4932-AA84-37F57B8FE5D6}.Release|x64.Build.0 = Release|Any CPU
		{CF92282B-23A9-4932-AA84-37F57B8FE5D6}.Release|x86.ActiveCfg = Release|Any CPU
		{CF92282B-23A9-4932-AA84-37F57B8FE5D6}.Release|x86.Build.0 = Release|Any CPU
		{85889F0B-243E-452A-B6E9-CF1CE7D86C43}.Debug|Any CPU.ActiveCfg = Debug|Any CPU
		{85889F0B-243E-452A-B6E9-CF1CE7D86C43}.Debug|Any CPU.Build.0 = Debug|Any CPU
		{85889F0B-243E-452A-B6E9-CF1CE7D86C43}.Debug|x64.ActiveCfg = Debug|Any CPU
		{85889F0B-243E-452A-B6E9-CF1CE7D86C43}.Debug|x64.Build.0 = Debug|Any CPU
		{85889F0B-243E-452A-B6E9-CF1CE7D86C43}.Debug|x86.ActiveCfg = Debug|Any CPU
		{85889F0B-243E-452A-B6E9-CF1CE7D86C43}.Debug|x86.Build.0 = Debug|Any CPU
		{85889F0B-243E-452A-B6E9-CF1CE7D86C43}.Release|Any CPU.ActiveCfg = Release|Any CPU
		{85889F0B-243E-452A-B6E9-CF1CE7D86C43}.Release|Any CPU.Build.0 = Release|Any CPU
		{85889F0B-243E-452A-B6E9-CF1CE7D86C43}.Release|x64.ActiveCfg = Release|Any CPU
		{85889F0B-243E-452A-B6E9-CF1CE7D86C43}.Release|x64.Build.0 = Release|Any CPU
		{85889F0B-243E-452A-B6E9-CF1CE7D86C43}.Release|x86.ActiveCfg = Release|Any CPU
		{85889F0B-243E-452A-B6E9-CF1CE7D86C43}.Release|x86.Build.0 = Release|Any CPU
		{8DBA6B56-38C2-4831-B97A-D2682B5988A8}.Debug|Any CPU.ActiveCfg = Debug|Any CPU
		{8DBA6B56-38C2-4831-B97A-D2682B5988A8}.Debug|Any CPU.Build.0 = Debug|Any CPU
		{8DBA6B56-38C2-4831-B97A-D2682B5988A8}.Debug|x64.ActiveCfg = Debug|Any CPU
		{8DBA6B56-38C2-4831-B97A-D2682B5988A8}.Debug|x64.Build.0 = Debug|Any CPU
		{8DBA6B56-38C2-4831-B97A-D2682B5988A8}.Debug|x86.ActiveCfg = Debug|Any CPU
		{8DBA6B56-38C2-4831-B97A-D2682B5988A8}.Debug|x86.Build.0 = Debug|Any CPU
		{8DBA6B56-38C2-4831-B97A-D2682B5988A8}.Release|Any CPU.ActiveCfg = Release|Any CPU
		{8DBA6B56-38C2-4831-B97A-D2682B5988A8}.Release|Any CPU.Build.0 = Release|Any CPU
		{8DBA6B56-38C2-4831-B97A-D2682B5988A8}.Release|x64.ActiveCfg = Release|Any CPU
		{8DBA6B56-38C2-4831-B97A-D2682B5988A8}.Release|x64.Build.0 = Release|Any CPU
		{8DBA6B56-38C2-4831-B97A-D2682B5988A8}.Release|x86.ActiveCfg = Release|Any CPU
		{8DBA6B56-38C2-4831-B97A-D2682B5988A8}.Release|x86.Build.0 = Release|Any CPU
		{12D712A8-85E0-4612-88B4-349FB05ABF69}.Debug|Any CPU.ActiveCfg = Debug|Any CPU
		{12D712A8-85E0-4612-88B4-349FB05ABF69}.Debug|Any CPU.Build.0 = Debug|Any CPU
		{12D712A8-85E0-4612-88B4-349FB05ABF69}.Debug|x64.ActiveCfg = Debug|Any CPU
		{12D712A8-85E0-4612-88B4-349FB05ABF69}.Debug|x64.Build.0 = Debug|Any CPU
		{12D712A8-85E0-4612-88B4-349FB05ABF69}.Debug|x86.ActiveCfg = Debug|Any CPU
		{12D712A8-85E0-4612-88B4-349FB05ABF69}.Debug|x86.Build.0 = Debug|Any CPU
		{12D712A8-85E0-4612-88B4-349FB05ABF69}.Release|Any CPU.ActiveCfg = Release|Any CPU
		{12D712A8-85E0-4612-88B4-349FB05ABF69}.Release|Any CPU.Build.0 = Release|Any CPU
		{12D712A8-85E0-4612-88B4-349FB05ABF69}.Release|x64.ActiveCfg = Release|Any CPU
		{12D712A8-85E0-4612-88B4-349FB05ABF69}.Release|x64.Build.0 = Release|Any CPU
		{12D712A8-85E0-4612-88B4-349FB05ABF69}.Release|x86.ActiveCfg = Release|Any CPU
		{12D712A8-85E0-4612-88B4-349FB05ABF69}.Release|x86.Build.0 = Release|Any CPU
		{0228A335-57DA-4C7E-A88D-A330741BFD32}.Debug|Any CPU.ActiveCfg = Debug|Any CPU
		{0228A335-57DA-4C7E-A88D-A330741BFD32}.Debug|Any CPU.Build.0 = Debug|Any CPU
		{0228A335-57DA-4C7E-A88D-A330741BFD32}.Debug|x64.ActiveCfg = Debug|Any CPU
		{0228A335-57DA-4C7E-A88D-A330741BFD32}.Debug|x64.Build.0 = Debug|Any CPU
		{0228A335-57DA-4C7E-A88D-A330741BFD32}.Debug|x86.ActiveCfg = Debug|Any CPU
		{0228A335-57DA-4C7E-A88D-A330741BFD32}.Debug|x86.Build.0 = Debug|Any CPU
		{0228A335-57DA-4C7E-A88D-A330741BFD32}.Release|Any CPU.ActiveCfg = Release|Any CPU
		{0228A335-57DA-4C7E-A88D-A330741BFD32}.Release|Any CPU.Build.0 = Release|Any CPU
		{0228A335-57DA-4C7E-A88D-A330741BFD32}.Release|x64.ActiveCfg = Release|Any CPU
		{0228A335-57DA-4C7E-A88D-A330741BFD32}.Release|x64.Build.0 = Release|Any CPU
		{0228A335-57DA-4C7E-A88D-A330741BFD32}.Release|x86.ActiveCfg = Release|Any CPU
		{0228A335-57DA-4C7E-A88D-A330741BFD32}.Release|x86.Build.0 = Release|Any CPU
		{F5FD1D16-3FA8-43BE-9946-399A83CC0625}.Debug|Any CPU.ActiveCfg = Debug|Any CPU
		{F5FD1D16-3FA8-43BE-9946-399A83CC0625}.Debug|Any CPU.Build.0 = Debug|Any CPU
		{F5FD1D16-3FA8-43BE-9946-399A83CC0625}.Debug|x64.ActiveCfg = Debug|Any CPU
		{F5FD1D16-3FA8-43BE-9946-399A83CC0625}.Debug|x64.Build.0 = Debug|Any CPU
		{F5FD1D16-3FA8-43BE-9946-399A83CC0625}.Debug|x86.ActiveCfg = Debug|Any CPU
		{F5FD1D16-3FA8-43BE-9946-399A83CC0625}.Debug|x86.Build.0 = Debug|Any CPU
		{F5FD1D16-3FA8-43BE-9946-399A83CC0625}.Release|Any CPU.ActiveCfg = Release|Any CPU
		{F5FD1D16-3FA8-43BE-9946-399A83CC0625}.Release|Any CPU.Build.0 = Release|Any CPU
		{F5FD1D16-3FA8-43BE-9946-399A83CC0625}.Release|x64.ActiveCfg = Release|Any CPU
		{F5FD1D16-3FA8-43BE-9946-399A83CC0625}.Release|x64.Build.0 = Release|Any CPU
		{F5FD1D16-3FA8-43BE-9946-399A83CC0625}.Release|x86.ActiveCfg = Release|Any CPU
		{F5FD1D16-3FA8-43BE-9946-399A83CC0625}.Release|x86.Build.0 = Release|Any CPU
		{A8016746-F77B-48D7-9AD9-12ECF3DBC028}.Debug|Any CPU.ActiveCfg = Debug|Any CPU
		{A8016746-F77B-48D7-9AD9-12ECF3DBC028}.Debug|Any CPU.Build.0 = Debug|Any CPU
		{A8016746-F77B-48D7-9AD9-12ECF3DBC028}.Debug|x64.ActiveCfg = Debug|Any CPU
		{A8016746-F77B-48D7-9AD9-12ECF3DBC028}.Debug|x64.Build.0 = Debug|Any CPU
		{A8016746-F77B-48D7-9AD9-12ECF3DBC028}.Debug|x86.ActiveCfg = Debug|Any CPU
		{A8016746-F77B-48D7-9AD9-12ECF3DBC028}.Debug|x86.Build.0 = Debug|Any CPU
		{A8016746-F77B-48D7-9AD9-12ECF3DBC028}.Release|Any CPU.ActiveCfg = Release|Any CPU
		{A8016746-F77B-48D7-9AD9-12ECF3DBC028}.Release|Any CPU.Build.0 = Release|Any CPU
		{A8016746-F77B-48D7-9AD9-12ECF3DBC028}.Release|x64.ActiveCfg = Release|Any CPU
		{A8016746-F77B-48D7-9AD9-12ECF3DBC028}.Release|x64.Build.0 = Release|Any CPU
		{A8016746-F77B-48D7-9AD9-12ECF3DBC028}.Release|x86.ActiveCfg = Release|Any CPU
		{A8016746-F77B-48D7-9AD9-12ECF3DBC028}.Release|x86.Build.0 = Release|Any CPU
		{6C3940C7-82E1-426E-A834-2BD80CEFD926}.Debug|Any CPU.ActiveCfg = Debug|Any CPU
		{6C3940C7-82E1-426E-A834-2BD80CEFD926}.Debug|Any CPU.Build.0 = Debug|Any CPU
		{6C3940C7-82E1-426E-A834-2BD80CEFD926}.Debug|x64.ActiveCfg = Debug|Any CPU
		{6C3940C7-82E1-426E-A834-2BD80CEFD926}.Debug|x64.Build.0 = Debug|Any CPU
		{6C3940C7-82E1-426E-A834-2BD80CEFD926}.Debug|x86.ActiveCfg = Debug|Any CPU
		{6C3940C7-82E1-426E-A834-2BD80CEFD926}.Debug|x86.Build.0 = Debug|Any CPU
		{6C3940C7-82E1-426E-A834-2BD80CEFD926}.Release|Any CPU.ActiveCfg = Release|Any CPU
		{6C3940C7-82E1-426E-A834-2BD80CEFD926}.Release|Any CPU.Build.0 = Release|Any CPU
		{6C3940C7-82E1-426E-A834-2BD80CEFD926}.Release|x64.ActiveCfg = Release|Any CPU
		{6C3940C7-82E1-426E-A834-2BD80CEFD926}.Release|x64.Build.0 = Release|Any CPU
		{6C3940C7-82E1-426E-A834-2BD80CEFD926}.Release|x86.ActiveCfg = Release|Any CPU
		{6C3940C7-82E1-426E-A834-2BD80CEFD926}.Release|x86.Build.0 = Release|Any CPU
		{AA955BA3-9A46-44E3-9AB8-28DB2B3A3CEB}.Debug|Any CPU.ActiveCfg = Debug|Any CPU
		{AA955BA3-9A46-44E3-9AB8-28DB2B3A3CEB}.Debug|Any CPU.Build.0 = Debug|Any CPU
		{AA955BA3-9A46-44E3-9AB8-28DB2B3A3CEB}.Debug|x64.ActiveCfg = Debug|Any CPU
		{AA955BA3-9A46-44E3-9AB8-28DB2B3A3CEB}.Debug|x64.Build.0 = Debug|Any CPU
		{AA955BA3-9A46-44E3-9AB8-28DB2B3A3CEB}.Debug|x86.ActiveCfg = Debug|Any CPU
		{AA955BA3-9A46-44E3-9AB8-28DB2B3A3CEB}.Debug|x86.Build.0 = Debug|Any CPU
		{AA955BA3-9A46-44E3-9AB8-28DB2B3A3CEB}.Release|Any CPU.ActiveCfg = Release|Any CPU
		{AA955BA3-9A46-44E3-9AB8-28DB2B3A3CEB}.Release|Any CPU.Build.0 = Release|Any CPU
		{AA955BA3-9A46-44E3-9AB8-28DB2B3A3CEB}.Release|x64.ActiveCfg = Release|Any CPU
		{AA955BA3-9A46-44E3-9AB8-28DB2B3A3CEB}.Release|x64.Build.0 = Release|Any CPU
		{AA955BA3-9A46-44E3-9AB8-28DB2B3A3CEB}.Release|x86.ActiveCfg = Release|Any CPU
		{AA955BA3-9A46-44E3-9AB8-28DB2B3A3CEB}.Release|x86.Build.0 = Release|Any CPU
		{17DF71B6-9BD2-4ED7-9E74-FDE87BFAEA34}.Debug|Any CPU.ActiveCfg = Debug|Any CPU
		{17DF71B6-9BD2-4ED7-9E74-FDE87BFAEA34}.Debug|Any CPU.Build.0 = Debug|Any CPU
		{17DF71B6-9BD2-4ED7-9E74-FDE87BFAEA34}.Debug|x64.ActiveCfg = Debug|Any CPU
		{17DF71B6-9BD2-4ED7-9E74-FDE87BFAEA34}.Debug|x64.Build.0 = Debug|Any CPU
		{17DF71B6-9BD2-4ED7-9E74-FDE87BFAEA34}.Debug|x86.ActiveCfg = Debug|Any CPU
		{17DF71B6-9BD2-4ED7-9E74-FDE87BFAEA34}.Debug|x86.Build.0 = Debug|Any CPU
		{17DF71B6-9BD2-4ED7-9E74-FDE87BFAEA34}.Release|Any CPU.ActiveCfg = Release|Any CPU
		{17DF71B6-9BD2-4ED7-9E74-FDE87BFAEA34}.Release|Any CPU.Build.0 = Release|Any CPU
		{17DF71B6-9BD2-4ED7-9E74-FDE87BFAEA34}.Release|x64.ActiveCfg = Release|Any CPU
		{17DF71B6-9BD2-4ED7-9E74-FDE87BFAEA34}.Release|x64.Build.0 = Release|Any CPU
		{17DF71B6-9BD2-4ED7-9E74-FDE87BFAEA34}.Release|x86.ActiveCfg = Release|Any CPU
		{17DF71B6-9BD2-4ED7-9E74-FDE87BFAEA34}.Release|x86.Build.0 = Release|Any CPU
		{1E38D61A-9ECF-4E75-BFE4-50625BD3D206}.Debug|Any CPU.ActiveCfg = Debug|Any CPU
		{1E38D61A-9ECF-4E75-BFE4-50625BD3D206}.Debug|Any CPU.Build.0 = Debug|Any CPU
		{1E38D61A-9ECF-4E75-BFE4-50625BD3D206}.Debug|x64.ActiveCfg = Debug|Any CPU
		{1E38D61A-9ECF-4E75-BFE4-50625BD3D206}.Debug|x64.Build.0 = Debug|Any CPU
		{1E38D61A-9ECF-4E75-BFE4-50625BD3D206}.Debug|x86.ActiveCfg = Debug|Any CPU
		{1E38D61A-9ECF-4E75-BFE4-50625BD3D206}.Debug|x86.Build.0 = Debug|Any CPU
		{1E38D61A-9ECF-4E75-BFE4-50625BD3D206}.Release|Any CPU.ActiveCfg = Release|Any CPU
		{1E38D61A-9ECF-4E75-BFE4-50625BD3D206}.Release|Any CPU.Build.0 = Release|Any CPU
		{1E38D61A-9ECF-4E75-BFE4-50625BD3D206}.Release|x64.ActiveCfg = Release|Any CPU
		{1E38D61A-9ECF-4E75-BFE4-50625BD3D206}.Release|x64.Build.0 = Release|Any CPU
		{1E38D61A-9ECF-4E75-BFE4-50625BD3D206}.Release|x86.ActiveCfg = Release|Any CPU
		{1E38D61A-9ECF-4E75-BFE4-50625BD3D206}.Release|x86.Build.0 = Release|Any CPU
	EndGlobalSection
	GlobalSection(SolutionProperties) = preSolution
		HideSolutionNode = FALSE
	EndGlobalSection
	GlobalSection(NestedProjects) = preSolution
		{050F2889-5696-40DF-8AB7-35D987EF928E} = {B5F5D79F-D466-7054-2E70-E9E7493C2180}
		{30721323-9BFA-4629-B7C9-B54EE8AB0BCB} = {B5F5D79F-D466-7054-2E70-E9E7493C2180}
		{CF92282B-23A9-4932-AA84-37F57B8FE5D6} = {B5F5D79F-D466-7054-2E70-E9E7493C2180}
		{85889F0B-243E-452A-B6E9-CF1CE7D86C43} = {B5F5D79F-D466-7054-2E70-E9E7493C2180}
		{8DBA6B56-38C2-4831-B97A-D2682B5988A8} = {B5F5D79F-D466-7054-2E70-E9E7493C2180}
		{12D712A8-85E0-4612-88B4-349FB05ABF69} = {B5F5D79F-D466-7054-2E70-E9E7493C2180}
		{0228A335-57DA-4C7E-A88D-A330741BFD32} = {B5F5D79F-D466-7054-2E70-E9E7493C2180}
		{F5FD1D16-3FA8-43BE-9946-399A83CC0625} = {E280AC91-E6F2-4CB2-8F53-7589EB0C449A}
		{A8016746-F77B-48D7-9AD9-12ECF3DBC028} = {E280AC91-E6F2-4CB2-8F53-7589EB0C449A}
		{6C3940C7-82E1-426E-A834-2BD80CEFD926} = {E280AC91-E6F2-4CB2-8F53-7589EB0C449A}
		{AA955BA3-9A46-44E3-9AB8-28DB2B3A3CEB} = {E280AC91-E6F2-4CB2-8F53-7589EB0C449A}
		{17DF71B6-9BD2-4ED7-9E74-FDE87BFAEA34} = {6D15BD6A-4AE5-43D2-5792-2F69DB82D193}
		{1E38D61A-9ECF-4E75-BFE4-50625BD3D206} = {6D15BD6A-4AE5-43D2-5792-2F69DB82D193}
	EndGlobalSection
	GlobalSection(ExtensibilityGlobals) = postSolution
		SolutionGuid = {1B145B9F-9FAF-4B83-A416-0468D9FA48AD}
	EndGlobalSection
EndGlobal
